
Microsoft Visual Studio Solution File, Format Version 12.00
# Visual Studio Version 17
VisualStudioVersion = 17.2.32616.157
MinimumVisualStudioVersion = 10.0.40219.1
Project("{9A19103F-16F7-4668-BE54-9A1E7A4F7556}") = "QAttribute", "QAttribute\QAttribute.csproj", "{986239BA-464F-4EB7-9417-0F512337FDC1}"
EndProject
Project("{FAE04EC0-301F-11D3-BF4B-00C04F79EFBC}") = "Attributes", "Attributes\Attributes.csproj", "{C1EE3E60-189A-4D32-AECC-406527394DC6}"
EndProject
Global
	GlobalSection(SolutionConfigurationPlatforms) = preSolution
		Debug|Any CPU = Debug|Any CPU
		Release|Any CPU = Release|Any CPU
	EndGlobalSection
	GlobalSection(ProjectConfigurationPlatforms) = postSolution
		{986239BA-464F-4EB7-9417-0F512337FDC1}.Debug|Any CPU.ActiveCfg = Debug|Any CPU
		{986239BA-464F-4EB7-9417-0F512337FDC1}.Debug|Any CPU.Build.0 = Debug|Any CPU
		{986239BA-464F-4EB7-9417-0F512337FDC1}.Release|Any CPU.ActiveCfg = Release|Any CPU
		{986239BA-464F-4EB7-9417-0F512337FDC1}.Release|Any CPU.Build.0 = Release|Any CPU
		{C1EE3E60-189A-4D32-AECC-406527394DC6}.Debug|Any CPU.ActiveCfg = Debug|Any CPU
		{C1EE3E60-189A-4D32-AECC-406527394DC6}.Debug|Any CPU.Build.0 = Debug|Any CPU
		{C1EE3E60-189A-4D32-AECC-406527394DC6}.Release|Any CPU.ActiveCfg = Release|Any CPU
		{C1EE3E60-189A-4D32-AECC-406527394DC6}.Release|Any CPU.Build.0 = Release|Any CPU
	EndGlobalSection
	GlobalSection(SolutionProperties) = preSolution
		HideSolutionNode = FALSE
	EndGlobalSection
	GlobalSection(ExtensibilityGlobals) = postSolution
		SolutionGuid = {09D4C4EB-A741-48AE-8B16-6B6D83FC6AFA}
	EndGlobalSection
EndGlobal
